
Microsoft Visual Studio Solution File, Format Version 12.00
# Visual Studio Version 16
VisualStudioVersion = 16.0.30621.155
MinimumVisualStudioVersion = 10.0.40219.1
Project("{FAE04EC0-301F-11D3-BF4B-00C04F79EFBC}") = "BlazorOptionPattern", "BlazorOptionPattern.csproj", "{080D7690-4D05-4998-A4B7-F6611D12D9AD}"
EndProject
Global
	GlobalSection(SolutionConfigurationPlatforms) = preSolution
		Debug|Any CPU = Debug|Any CPU
		Release|Any CPU = Release|Any CPU
	EndGlobalSection
	GlobalSection(ProjectConfigurationPlatforms) = postSolution
		{080D7690-4D05-4998-A4B7-F6611D12D9AD}.Debug|Any CPU.ActiveCfg = Debug|Any CPU
		{080D7690-4D05-4998-A4B7-F6611D12D9AD}.Debug|Any CPU.Build.0 = Debug|Any CPU
		{080D7690-4D05-4998-A4B7-F6611D12D9AD}.Release|Any CPU.ActiveCfg = Release|Any CPU
		{080D7690-4D05-4998-A4B7-F6611D12D9AD}.Release|Any CPU.Build.0 = Release|Any CPU
	EndGlobalSection
	GlobalSection(SolutionProperties) = preSolution
		HideSolutionNode = FALSE
	EndGlobalSection
	GlobalSection(ExtensibilityGlobals) = postSolution
		SolutionGuid = {F199BAF2-7977-4E9B-922C-C3AEEA46C544}
	EndGlobalSection
EndGlobal
